
Microsoft Visual Studio Solution File, Format Version 12.00
# Visual Studio Version 17
VisualStudioVersion = 17.0.31903.59
MinimumVisualStudioVersion = 10.0.40219.1
Project("{2150E333-8FDC-42A3-9474-1A3956D46DE8}") = "src", "src", "{1C778190-C43B-4571-B013-3C4689EF3369}"
EndProject
Project("{2150E333-8FDC-42A3-9474-1A3956D46DE8}") = "Building Blocks", "Building Blocks", "{6B70C24A-5B90-43AF-B19C-380825A36B47}"
EndProject
Project("{2150E333-8FDC-42A3-9474-1A3956D46DE8}") = "Services", "Services", "{A56AB716-2B00-472E-A6B1-8ADE19389EA2}"
EndProject
Project("{2150E333-8FDC-42A3-9474-1A3956D46DE8}") = "Web", "Web", "{5480189C-711E-4B84-8BA9-12E9A0D000F7}"
EndProject
Project("{2150E333-8FDC-42A3-9474-1A3956D46DE8}") = "Identidade", "Identidade", "{07810FBE-9083-460A-9DFC-2514659A73DC}"
EndProject
Project("{9A19103F-16F7-4668-BE54-9A1E7A4F7556}") = "Gouro.Identidade.API", "src\services\Gouro.Identidade.API\Gouro.Identidade.API.csproj", "{0FB40F03-A33B-4F41-A694-EA8194572C18}"
EndProject
Project("{2150E333-8FDC-42A3-9474-1A3956D46DE8}") = "MVC", "MVC", "{C7E939AA-81B8-42D3-8F25-71B391250A4C}"
EndProject
Project("{9A19103F-16F7-4668-BE54-9A1E7A4F7556}") = "Gouro.WebApp.MVC", "src\web\Gouro.WebApp.MVC\Gouro.WebApp.MVC.csproj", "{70A3C087-3183-46D6-B569-3912A8C52A0B}"
EndProject
Project("{2150E333-8FDC-42A3-9474-1A3956D46DE8}") = "Core", "Core", "{8BEF2133-1A13-4986-AAFF-40EBA981593B}"
EndProject
Project("{9A19103F-16F7-4668-BE54-9A1E7A4F7556}") = "Gouro.Core", "src\building blocks\Gouro.Core\Gouro.Core.csproj", "{D38CBAE1-1EBD-49EA-BE81-A4610EAC665A}"
EndProject
Project("{2150E333-8FDC-42A3-9474-1A3956D46DE8}") = "Carrinho", "Carrinho", "{D2EE8773-F91E-4BC8-A9DC-98E66085752B}"
EndProject
Project("{2150E333-8FDC-42A3-9474-1A3956D46DE8}") = "Catalogo", "Catalogo", "{D1CF1516-65A7-4649-BBBA-020892736214}"
EndProject
Project("{2150E333-8FDC-42A3-9474-1A3956D46DE8}") = "Clientes", "Clientes", "{3A93C6D3-09CE-4B98-ABE8-5A9F16BFB9E4}"
EndProject
Project("{9A19103F-16F7-4668-BE54-9A1E7A4F7556}") = "Gouro.Clientes.API", "src\services\Gouro.Clientes.API\Gouro.Clientes.API.csproj", "{20E9333A-87E0-4F5B-8834-D11C2E2F9C9F}"
EndProject
Project("{2150E333-8FDC-42A3-9474-1A3956D46DE8}") = "Pagamentos", "Pagamentos", "{D9811A6C-99AB-469C-90B0-FFD8101E08E6}"
EndProject
Project("{2150E333-8FDC-42A3-9474-1A3956D46DE8}") = "Pedidos", "Pedidos", "{7CFE44B6-226C-4B40-B0F4-874AA460B307}"
EndProject
Project("{9A19103F-16F7-4668-BE54-9A1E7A4F7556}") = "Gouro.Pagamentos.API", "src\services\Gouro.Pagamentos.API\Gouro.Pagamentos.API.csproj", "{A5ECBB55-5678-4F4E-B0EA-69ABB12CC3E0}"
EndProject
Project("{9A19103F-16F7-4668-BE54-9A1E7A4F7556}") = "Gouro.Pedidos.API", "src\services\Gouro.Pedidos.API\Gouro.Pedidos.API.csproj", "{F9558BE6-54AB-45CE-9B8E-DD4084D23CC2}"
EndProject
Project("{9A19103F-16F7-4668-BE54-9A1E7A4F7556}") = "Gouro.Carrinho.API", "src\services\Gouro.Carrinho.API\Gouro.Carrinho.API.csproj", "{1498569F-12A2-46BA-B8D7-D0FDCD26CC0F}"
EndProject
Project("{9A19103F-16F7-4668-BE54-9A1E7A4F7556}") = "Gouro.Catalogo.API", "src\services\Gouro.Catalogo.API\Gouro.Catalogo.API.csproj", "{9302A3E4-7E09-42CB-8A66-9ECA98E115F4}"
EndProject
Project("{2150E333-8FDC-42A3-9474-1A3956D46DE8}") = "Services", "Services", "{BB8F76CC-2F8C-4C21-A6B7-10120B0CD974}"
EndProject
Project("{9A19103F-16F7-4668-BE54-9A1E7A4F7556}") = "Gouro.WebApi.Core", "src\building blocks\Gouro.WebApi.Core\Gouro.WebApi.Core.csproj", "{722BD503-92C3-4D1E-9D9D-D00EB2DE954F}"
EndProject
Project("{2150E333-8FDC-42A3-9474-1A3956D46DE8}") = "MessageBus", "MessageBus", "{ED924D53-7039-469D-80E1-DCAA27FD7DD3}"
EndProject
Project("{9A19103F-16F7-4668-BE54-9A1E7A4F7556}") = "Gouro.MessageBus", "src\building blocks\Gouro.MessageBus\Gouro.MessageBus.csproj", "{D62DE1AE-8FFF-4B71-A6DF-EDDEA3A5FEA2}"
EndProject
Project("{2150E333-8FDC-42A3-9474-1A3956D46DE8}") = "ApiGateways", "ApiGateways", "{276470B8-0C1A-489D-A1F4-811F6F74DDAC}"
EndProject
Project("{2150E333-8FDC-42A3-9474-1A3956D46DE8}") = "Compras", "Compras", "{A7BB9AF8-CBFB-4278-96B1-AD202DD1E7C9}"
EndProject
Project("{9A19103F-16F7-4668-BE54-9A1E7A4F7556}") = "Gouro.Bff.Compras", "src\api gateways\Gouro.Bff.Compras\Gouro.Bff.Compras.csproj", "{ABFA8B60-532D-4135-AA94-A1A709189198}"
EndProject
Project("{9A19103F-16F7-4668-BE54-9A1E7A4F7556}") = "Gouro.Pedidos.Domain", "src\services\Gouro.Pedidos.Domain\Gouro.Pedidos.Domain.csproj", "{A2F0E5F8-52E4-409C-ADD5-FD1089206DAD}"
EndProject
Project("{9A19103F-16F7-4668-BE54-9A1E7A4F7556}") = "Gouro.Pedidos.Infra", "src\services\Gouro.Pedidos.Infra\Gouro.Pedidos.Infra.csproj", "{FFE161FB-DC0D-49D6-99EE-5F0104CA0EE2}"
EndProject
Project("{FAE04EC0-301F-11D3-BF4B-00C04F79EFBC}") = "Gouro.Pagamentos.GouroPag", "src\services\Gouro.Pagamentos.GouroPag\Gouro.Pagamentos.GouroPag.csproj", "{FB0206EE-AB04-4284-81A9-298367A19509}"
EndProject
Global
	GlobalSection(SolutionConfigurationPlatforms) = preSolution
		Debug|Any CPU = Debug|Any CPU
		Release|Any CPU = Release|Any CPU
	EndGlobalSection
	GlobalSection(ProjectConfigurationPlatforms) = postSolution
		{0FB40F03-A33B-4F41-A694-EA8194572C18}.Debug|Any CPU.ActiveCfg = Debug|Any CPU
		{0FB40F03-A33B-4F41-A694-EA8194572C18}.Debug|Any CPU.Build.0 = Debug|Any CPU
		{0FB40F03-A33B-4F41-A694-EA8194572C18}.Release|Any CPU.ActiveCfg = Release|Any CPU
		{0FB40F03-A33B-4F41-A694-EA8194572C18}.Release|Any CPU.Build.0 = Release|Any CPU
		{70A3C087-3183-46D6-B569-3912A8C52A0B}.Debug|Any CPU.ActiveCfg = Debug|Any CPU
		{70A3C087-3183-46D6-B569-3912A8C52A0B}.Debug|Any CPU.Build.0 = Debug|Any CPU
		{70A3C087-3183-46D6-B569-3912A8C52A0B}.Release|Any CPU.ActiveCfg = Release|Any CPU
		{70A3C087-3183-46D6-B569-3912A8C52A0B}.Release|Any CPU.Build.0 = Release|Any CPU
		{D38CBAE1-1EBD-49EA-BE81-A4610EAC665A}.Debug|Any CPU.ActiveCfg = Debug|Any CPU
		{D38CBAE1-1EBD-49EA-BE81-A4610EAC665A}.Debug|Any CPU.Build.0 = Debug|Any CPU
		{D38CBAE1-1EBD-49EA-BE81-A4610EAC665A}.Release|Any CPU.ActiveCfg = Release|Any CPU
		{D38CBAE1-1EBD-49EA-BE81-A4610EAC665A}.Release|Any CPU.Build.0 = Release|Any CPU
		{20E9333A-87E0-4F5B-8834-D11C2E2F9C9F}.Debug|Any CPU.ActiveCfg = Debug|Any CPU
		{20E9333A-87E0-4F5B-8834-D11C2E2F9C9F}.Debug|Any CPU.Build.0 = Debug|Any CPU
		{20E9333A-87E0-4F5B-8834-D11C2E2F9C9F}.Release|Any CPU.ActiveCfg = Release|Any CPU
		{20E9333A-87E0-4F5B-8834-D11C2E2F9C9F}.Release|Any CPU.Build.0 = Release|Any CPU
		{A5ECBB55-5678-4F4E-B0EA-69ABB12CC3E0}.Debug|Any CPU.ActiveCfg = Debug|Any CPU
		{A5ECBB55-5678-4F4E-B0EA-69ABB12CC3E0}.Debug|Any CPU.Build.0 = Debug|Any CPU
		{A5ECBB55-5678-4F4E-B0EA-69ABB12CC3E0}.Release|Any CPU.ActiveCfg = Release|Any CPU
		{A5ECBB55-5678-4F4E-B0EA-69ABB12CC3E0}.Release|Any CPU.Build.0 = Release|Any CPU
		{F9558BE6-54AB-45CE-9B8E-DD4084D23CC2}.Debug|Any CPU.ActiveCfg = Debug|Any CPU
		{F9558BE6-54AB-45CE-9B8E-DD4084D23CC2}.Debug|Any CPU.Build.0 = Debug|Any CPU
		{F9558BE6-54AB-45CE-9B8E-DD4084D23CC2}.Release|Any CPU.ActiveCfg = Release|Any CPU
		{F9558BE6-54AB-45CE-9B8E-DD4084D23CC2}.Release|Any CPU.Build.0 = Release|Any CPU
		{1498569F-12A2-46BA-B8D7-D0FDCD26CC0F}.Debug|Any CPU.ActiveCfg = Debug|Any CPU
		{1498569F-12A2-46BA-B8D7-D0FDCD26CC0F}.Debug|Any CPU.Build.0 = Debug|Any CPU
		{1498569F-12A2-46BA-B8D7-D0FDCD26CC0F}.Release|Any CPU.ActiveCfg = Release|Any CPU
		{1498569F-12A2-46BA-B8D7-D0FDCD26CC0F}.Release|Any CPU.Build.0 = Release|Any CPU
		{9302A3E4-7E09-42CB-8A66-9ECA98E115F4}.Debug|Any CPU.ActiveCfg = Debug|Any CPU
		{9302A3E4-7E09-42CB-8A66-9ECA98E115F4}.Debug|Any CPU.Build.0 = Debug|Any CPU
		{9302A3E4-7E09-42CB-8A66-9ECA98E115F4}.Release|Any CPU.ActiveCfg = Release|Any CPU
		{9302A3E4-7E09-42CB-8A66-9ECA98E115F4}.Release|Any CPU.Build.0 = Release|Any CPU
		{722BD503-92C3-4D1E-9D9D-D00EB2DE954F}.Debug|Any CPU.ActiveCfg = Debug|Any CPU
		{722BD503-92C3-4D1E-9D9D-D00EB2DE954F}.Debug|Any CPU.Build.0 = Debug|Any CPU
		{722BD503-92C3-4D1E-9D9D-D00EB2DE954F}.Release|Any CPU.ActiveCfg = Release|Any CPU
		{722BD503-92C3-4D1E-9D9D-D00EB2DE954F}.Release|Any CPU.Build.0 = Release|Any CPU
		{D62DE1AE-8FFF-4B71-A6DF-EDDEA3A5FEA2}.Debug|Any CPU.ActiveCfg = Debug|Any CPU
		{D62DE1AE-8FFF-4B71-A6DF-EDDEA3A5FEA2}.Debug|Any CPU.Build.0 = Debug|Any CPU
		{D62DE1AE-8FFF-4B71-A6DF-EDDEA3A5FEA2}.Release|Any CPU.ActiveCfg = Release|Any CPU
		{D62DE1AE-8FFF-4B71-A6DF-EDDEA3A5FEA2}.Release|Any CPU.Build.0 = Release|Any CPU
		{ABFA8B60-532D-4135-AA94-A1A709189198}.Debug|Any CPU.ActiveCfg = Debug|Any CPU
		{ABFA8B60-532D-4135-AA94-A1A709189198}.Debug|Any CPU.Build.0 = Debug|Any CPU
		{ABFA8B60-532D-4135-AA94-A1A709189198}.Release|Any CPU.ActiveCfg = Release|Any CPU
		{ABFA8B60-532D-4135-AA94-A1A709189198}.Release|Any CPU.Build.0 = Release|Any CPU
		{A2F0E5F8-52E4-409C-ADD5-FD1089206DAD}.Debug|Any CPU.ActiveCfg = Debug|Any CPU
		{A2F0E5F8-52E4-409C-ADD5-FD1089206DAD}.Debug|Any CPU.Build.0 = Debug|Any CPU
		{A2F0E5F8-52E4-409C-ADD5-FD1089206DAD}.Release|Any CPU.ActiveCfg = Release|Any CPU
		{A2F0E5F8-52E4-409C-ADD5-FD1089206DAD}.Release|Any CPU.Build.0 = Release|Any CPU
		{FFE161FB-DC0D-49D6-99EE-5F0104CA0EE2}.Debug|Any CPU.ActiveCfg = Debug|Any CPU
		{FFE161FB-DC0D-49D6-99EE-5F0104CA0EE2}.Debug|Any CPU.Build.0 = Debug|Any CPU
		{FFE161FB-DC0D-49D6-99EE-5F0104CA0EE2}.Release|Any CPU.ActiveCfg = Release|Any CPU
		{FFE161FB-DC0D-49D6-99EE-5F0104CA0EE2}.Release|Any CPU.Build.0 = Release|Any CPU
		{FB0206EE-AB04-4284-81A9-298367A19509}.Debug|Any CPU.ActiveCfg = Debug|Any CPU
		{FB0206EE-AB04-4284-81A9-298367A19509}.Debug|Any CPU.Build.0 = Debug|Any CPU
		{FB0206EE-AB04-4284-81A9-298367A19509}.Release|Any CPU.ActiveCfg = Release|Any CPU
		{FB0206EE-AB04-4284-81A9-298367A19509}.Release|Any CPU.Build.0 = Release|Any CPU
	EndGlobalSection
	GlobalSection(SolutionProperties) = preSolution
		HideSolutionNode = FALSE
	EndGlobalSection
	GlobalSection(NestedProjects) = preSolution
		{6B70C24A-5B90-43AF-B19C-380825A36B47} = {1C778190-C43B-4571-B013-3C4689EF3369}
		{A56AB716-2B00-472E-A6B1-8ADE19389EA2} = {1C778190-C43B-4571-B013-3C4689EF3369}
		{5480189C-711E-4B84-8BA9-12E9A0D000F7} = {1C778190-C43B-4571-B013-3C4689EF3369}
		{07810FBE-9083-460A-9DFC-2514659A73DC} = {A56AB716-2B00-472E-A6B1-8ADE19389EA2}
		{0FB40F03-A33B-4F41-A694-EA8194572C18} = {07810FBE-9083-460A-9DFC-2514659A73DC}
		{C7E939AA-81B8-42D3-8F25-71B391250A4C} = {5480189C-711E-4B84-8BA9-12E9A0D000F7}
		{70A3C087-3183-46D6-B569-3912A8C52A0B} = {C7E939AA-81B8-42D3-8F25-71B391250A4C}
		{8BEF2133-1A13-4986-AAFF-40EBA981593B} = {6B70C24A-5B90-43AF-B19C-380825A36B47}
		{D38CBAE1-1EBD-49EA-BE81-A4610EAC665A} = {8BEF2133-1A13-4986-AAFF-40EBA981593B}
		{D2EE8773-F91E-4BC8-A9DC-98E66085752B} = {A56AB716-2B00-472E-A6B1-8ADE19389EA2}
		{D1CF1516-65A7-4649-BBBA-020892736214} = {A56AB716-2B00-472E-A6B1-8ADE19389EA2}
		{3A93C6D3-09CE-4B98-ABE8-5A9F16BFB9E4} = {A56AB716-2B00-472E-A6B1-8ADE19389EA2}
		{20E9333A-87E0-4F5B-8834-D11C2E2F9C9F} = {3A93C6D3-09CE-4B98-ABE8-5A9F16BFB9E4}
		{D9811A6C-99AB-469C-90B0-FFD8101E08E6} = {A56AB716-2B00-472E-A6B1-8ADE19389EA2}
		{7CFE44B6-226C-4B40-B0F4-874AA460B307} = {A56AB716-2B00-472E-A6B1-8ADE19389EA2}
		{A5ECBB55-5678-4F4E-B0EA-69ABB12CC3E0} = {D9811A6C-99AB-469C-90B0-FFD8101E08E6}
		{F9558BE6-54AB-45CE-9B8E-DD4084D23CC2} = {7CFE44B6-226C-4B40-B0F4-874AA460B307}
		{1498569F-12A2-46BA-B8D7-D0FDCD26CC0F} = {D2EE8773-F91E-4BC8-A9DC-98E66085752B}
		{9302A3E4-7E09-42CB-8A66-9ECA98E115F4} = {D1CF1516-65A7-4649-BBBA-020892736214}
		{BB8F76CC-2F8C-4C21-A6B7-10120B0CD974} = {6B70C24A-5B90-43AF-B19C-380825A36B47}
		{722BD503-92C3-4D1E-9D9D-D00EB2DE954F} = {BB8F76CC-2F8C-4C21-A6B7-10120B0CD974}
		{ED924D53-7039-469D-80E1-DCAA27FD7DD3} = {6B70C24A-5B90-43AF-B19C-380825A36B47}
		{D62DE1AE-8FFF-4B71-A6DF-EDDEA3A5FEA2} = {ED924D53-7039-469D-80E1-DCAA27FD7DD3}
		{276470B8-0C1A-489D-A1F4-811F6F74DDAC} = {1C778190-C43B-4571-B013-3C4689EF3369}
		{A7BB9AF8-CBFB-4278-96B1-AD202DD1E7C9} = {276470B8-0C1A-489D-A1F4-811F6F74DDAC}
		{ABFA8B60-532D-4135-AA94-A1A709189198} = {A7BB9AF8-CBFB-4278-96B1-AD202DD1E7C9}
		{A2F0E5F8-52E4-409C-ADD5-FD1089206DAD} = {7CFE44B6-226C-4B40-B0F4-874AA460B307}
		{FFE161FB-DC0D-49D6-99EE-5F0104CA0EE2} = {7CFE44B6-226C-4B40-B0F4-874AA460B307}
		{FB0206EE-AB04-4284-81A9-298367A19509} = {D9811A6C-99AB-469C-90B0-FFD8101E08E6}
	EndGlobalSection
	GlobalSection(ExtensibilityGlobals) = postSolution
		SolutionGuid = {11562474-92FA-4E0A-A028-708D01E0EDBF}
	EndGlobalSection
EndGlobal
